
Microsoft Visual Studio Solution File, Format Version 12.00
# Visual Studio Version 17
VisualStudioVersion = 17.11.35312.102
MinimumVisualStudioVersion = 10.0.40219.1
Project("{FAE04EC0-301F-11D3-BF4B-00C04F79EFBC}") = "QuizForAndroid.API", "QuizForAndroid\QuizForAndroid.API.csproj", "{7A137DED-A447-4675-8BF8-188762436F71}"
EndProject
Project("{FAE04EC0-301F-11D3-BF4B-00C04F79EFBC}") = "QuizForAndroid.DAL", "QuizForAndroid.DAL\QuizForAndroid.DAL.csproj", "{317B279C-FD57-4807-9DFD-A89AC893BCE1}"
EndProject
Project("{FAE04EC0-301F-11D3-BF4B-00C04F79EFBC}") = "QuizForAndroid.BLL", "QuizForAndroid.BAL\QuizForAndroid.BLL.csproj", "{A1D92806-8AA6-43A0-B21F-E6D099849382}"
EndProject
Global
	GlobalSection(SolutionConfigurationPlatforms) = preSolution
		Debug|Any CPU = Debug|Any CPU
		Release|Any CPU = Release|Any CPU
	EndGlobalSection
	GlobalSection(ProjectConfigurationPlatforms) = postSolution
		{7A137DED-A447-4675-8BF8-188762436F71}.Debug|Any CPU.ActiveCfg = Debug|Any CPU
		{7A137DED-A447-4675-8BF8-188762436F71}.Debug|Any CPU.Build.0 = Debug|Any CPU
		{7A137DED-A447-4675-8BF8-188762436F71}.Release|Any CPU.ActiveCfg = Release|Any CPU
		{7A137DED-A447-4675-8BF8-188762436F71}.Release|Any CPU.Build.0 = Release|Any CPU
		{317B279C-FD57-4807-9DFD-A89AC893BCE1}.Debug|Any CPU.ActiveCfg = Debug|Any CPU
		{317B279C-FD57-4807-9DFD-A89AC893BCE1}.Debug|Any CPU.Build.0 = Debug|Any CPU
		{317B279C-FD57-4807-9DFD-A89AC893BCE1}.Release|Any CPU.ActiveCfg = Release|Any CPU
		{317B279C-FD57-4807-9DFD-A89AC893BCE1}.Release|Any CPU.Build.0 = Release|Any CPU
		{A1D92806-8AA6-43A0-B21F-E6D099849382}.Debug|Any CPU.ActiveCfg = Debug|Any CPU
		{A1D92806-8AA6-43A0-B21F-E6D099849382}.Debug|Any CPU.Build.0 = Debug|Any CPU
		{A1D92806-8AA6-43A0-B21F-E6D099849382}.Release|Any CPU.ActiveCfg = Release|Any CPU
		{A1D92806-8AA6-43A0-B21F-E6D099849382}.Release|Any CPU.Build.0 = Release|Any CPU
	EndGlobalSection
	GlobalSection(SolutionProperties) = preSolution
		HideSolutionNode = FALSE
	EndGlobalSection
	GlobalSection(ExtensibilityGlobals) = postSolution
		SolutionGuid = {4CEAB8AA-1463-4830-833C-A64B578B4CD0}
	EndGlobalSection
EndGlobal
